{
  "name": "ban-md-ultimate",
  "version": "1.0.0",
  "lockfileVersion": 3,
  "requires": true,
  "packages": {
    "": {
      "name": "ban-md-ultimate",
      "version": "1.0.0",
      "dependencies": {
        "@whiskeysockets/baileys": "^6.7.10",
        "dotenv": "^16.3.1",
        "express": "^4.18.2",
        "pino": "^8.15.0",
        "qrcode": "^1.5.3"
      }
    },
    "node_modules/@whiskeysockets/baileys": {
      "version": "6.7.10",
      "resolved": "https://registry.npmjs.org/@whiskeysockets/baileys/-/baileys-6.7.10.tgz",
      "integrity": "sha512-yVwS3yQtS6qQwNwZWvYwNHYkK5EvQlZQeZbIoYg0Ncz9l1fZMIKgbTElvDn7iP6Mi1jUgICnmQHTpP8wZ1p6cA=="
    },
    "node_modules/express": {
      "version": "4.18.2",
      "resolved": "https://registry.npmjs.org/express/-/express-4.18.2.tgz",
      "integrity": "sha512-5/PQX+kgkkq2pVRvMjzWqZ1kGr7kVHDCl9OjA0ZUp+4hGhXrGgQhwShp7G6YrDg9XHZZXBvkl8/XfNybDQ2tgg=="
    },
    "node_modules/pino": {
      "version": "8.15.0",
      "resolved": "https://registry.npmjs.org/pino/-/pino-8.15.0.tgz",
      "integrity": "sha512-S66imcBxVLaI4W1jxNYlxXcQGGuK5yiQ0B2hFdH25zt3e06X7HuGu8pQp8u4Pa4KiT4pFWF9yZQmtErGgxV2fA=="
    },
    "node_modules/qrcode": {
      "version": "1.5.3",
      "resolved": "https://registry.npmjs.org/qrcode/-/qrcode-1.5.3.tgz",
      "integrity": "sha512-9Yw+j7xJ4yWw30KdxQbI0b4jHxXDiZ0T01t+j+rtEoCWxH+JKe5MjlBh+jAvUnG7EyVPE/FPDRP7NMrpI7q5xQ=="
    },
    "node_modules/dotenv": {
      "version": "16.3.1",
      "resolved": "https://registry.npmjs.org/dotenv/-/dotenv-16.3.1.tgz",
      "integrity": "sha512-F8XJQ8Xm9AGgHQ0rXfQUa6T3U7GpS3+9jY6W36KmMwvWQlwWlMG3L07d66fChl/6WmL7h0n0D98u32dM9WEnMg=="
    }
  }
}
